
Microsoft Visual Studio Solution File, Format Version 12.00
# Visual Studio 15
EndProject
Global
	GlobalSection(SolutionConfigurationPlatforms) = preSolution
		Debug|Any CPU = Debug|Any CPU
		Release|Any CPU = Release|Any CPU
	EndGlobalSection
	GlobalSection(ProjectConfigurationPlatforms) = postSolution
		{DF577CE2-7434-6844-D2FA-78408BEEC961}.Debug|Any CPU.ActiveCfg = Debug|Any CPU
		{DF577CE2-7434-6844-D2FA-78408BEEC961}.Debug|Any CPU.Build.0 = Debug|Any CPU
		{DF577CE2-7434-6844-D2FA-78408BEEC961}.Release|Any CPU.ActiveCfg = Release|Any CPU
		{DF577CE2-7434-6844-D2FA-78408BEEC961}.Release|Any CPU.Build.0 = Release|Any CPU
	EndGlobalSection
	GlobalSection(SolutionProperties) = preSolution
		HideSolutionNode = FALSE
	EndGlobalSection
EndGlobal
